
Microsoft Visual Studio Solution File, Format Version 12.00
# Visual Studio Version 17
VisualStudioVersion = 17.0.32126.317
MinimumVisualStudioVersion = 10.0.40219.1
Project("{FAE04EC0-301F-11D3-BF4B-00C04F79EFBC}") = "MovieEntWebAPI", "MovieEntWebAPI\MovieEntWebAPI.csproj", "{6DDF102C-AD27-4D15-8A94-792883C8247C}"
EndProject
Global
	GlobalSection(SolutionConfigurationPlatforms) = preSolution
		Debug|Any CPU = Debug|Any CPU
		Release|Any CPU = Release|Any CPU
	EndGlobalSection
	GlobalSection(ProjectConfigurationPlatforms) = postSolution
		{6DDF102C-AD27-4D15-8A94-792883C8247C}.Debug|Any CPU.ActiveCfg = Debug|Any CPU
		{6DDF102C-AD27-4D15-8A94-792883C8247C}.Debug|Any CPU.Build.0 = Debug|Any CPU
		{6DDF102C-AD27-4D15-8A94-792883C8247C}.Release|Any CPU.ActiveCfg = Release|Any CPU
		{6DDF102C-AD27-4D15-8A94-792883C8247C}.Release|Any CPU.Build.0 = Release|Any CPU
	EndGlobalSection
	GlobalSection(SolutionProperties) = preSolution
		HideSolutionNode = FALSE
	EndGlobalSection
	GlobalSection(ExtensibilityGlobals) = postSolution
		SolutionGuid = {6A57F2A7-35CF-414B-B595-90C0719F8016}
	EndGlobalSection
EndGlobal
